// !$*UTF8*$!
{
	archiveVersion = 1;
	classes = {
	};
	objectVersion = 46;
	objects = {

/* Begin PBXBuildFile section */
		BE694ACF1D41940400F4E5B2 /* AppDelegate.swift in Sources */ = {isa = PBXBuildFile; fileRef = BE694ACE1D41940400F4E5B2 /* AppDelegate.swift */; };
		BE694AD11D41940400F4E5B2 /* ViewController.swift in Sources */ = {isa = PBXBuildFile; fileRef = BE694AD01D41940400F4E5B2 /* ViewController.swift */; };
		BE694AD41D41940400F4E5B2 /* Main.storyboard in Resources */ = {isa = PBXBuildFile; fileRef = BE694AD21D41940400F4E5B2 /* Main.storyboard */; };
		BE694AD61D41940400F4E5B2 /* Assets.xcassets in Resources */ = {isa = PBXBuildFile; fileRef = BE694AD51D41940400F4E5B2 /* Assets.xcassets */; };
		BE694AD91D41940400F4E5B2 /* LaunchScreen.storyboard in Resources */ = {isa = PBXBuildFile; fileRef = BE694AD71D41940400F4E5B2 /* LaunchScreen.storyboard */; };
		BE694AE21D4195EA00F4E5B2 /* RadialMenu.swift in Sources */ = {isa = PBXBuildFile; fileRef = BE694AE11D4195EA00F4E5B2 /* RadialMenu.swift */; };
		BE694AE41D41DDE800F4E5B2 /* RadialButton.swift in Sources */ = {isa = PBXBuildFile; fileRef = BE694AE31D41DDE800F4E5B2 /* RadialButton.swift */; };
/* End PBXBuildFile section */

/* Begin PBXFileReference section */
		BE694ACB1D41940300F4E5B2 /* RadialMenu.app */ = {isa = PBXFileReference; explicitFileType = wrapper.application; includeInIndex = 0; path = RadialMenu.app; sourceTree = BUILT_PRODUCTS_DIR; };
		BE694ACE1D41940400F4E5B2 /* AppDelegate.swift */ = {isa = PBXFileReference; lastKnownFileType = sourcecode.swift; path = AppDelegate.swift; sourceTree = "<group>"; };
		BE694AD01D41940400F4E5B2 /* ViewController.swift */ = {isa = PBXFileReference; lastKnownFileType = sourcecode.swift; path = ViewController.swift; sourceTree = "<group>"; };
		BE694AD31D41940400F4E5B2 /* Base */ = {isa = PBXFileReference; lastKnownFileType = file.storyboard; name = Base; path = Base.lproj/Main.storyboard; sourceTree = "<group>"; };
		BE694AD51D41940400F4E5B2 /* Assets.xcassets */ = {isa = PBXFileReference; lastKnownFileType = folder.assetcatalog; path = Assets.xcassets; sourceTree = "<group>"; };
		BE694AD81D41940400F4E5B2 /* Base */ = {isa = PBXFileReference; lastKnownFileType = file.storyboard; name = Base; path = Base.lproj/LaunchScreen.storyboard; sourceTree = "<group>"; };
		BE694ADA1D41940400F4E5B2 /* Info.plist */ = {isa = PBXFileReference; lastKnownFileType = text.plist.xml; path = Info.plist; sourceTree = "<group>"; };
		BE694AE11D4195EA00F4E5B2 /* RadialMenu.swift */ = {isa = PBXFileReference; fileEncoding = 4; lastKnownFileType = sourcecode.swift; path = RadialMenu.swift; sourceTree = "<group>"; };
		BE694AE31D41DDE800F4E5B2 /* RadialButton.swift */ = {isa = PBXFileReference; fileEncoding = 4; lastKnownFileType = sourcecode.swift; path = RadialButton.swift; sourceTree = "<group>"; };
/* End PBXFileReference section */

/* Begin PBXFrameworksBuildPhase section */
		BE694AC81D41940300F4E5B2 /* Frameworks */ = {
			isa = PBXFrameworksBuildPhase;
			buildActionMask = 2147483647;
			files = (
			);
			runOnlyForDeploymentPostprocessing = 0;
		};
/* End PBXFrameworksBuildPhase section */

/* Begin PBXGroup section */
		BE694AC21D41940300F4E5B2 = {
			isa = PBXGroup;
			children = (
				BE694ACD1D41940400F4E5B2 /* RadialMenu */,
				BE694ACC1D41940300F4E5B2 /* Products */,
			);
			sourceTree = "<group>";
		};
		BE694ACC1D41940300F4E5B2 /* Products */ = {
			isa = PBXGroup;
			children = (
				BE694ACB1D41940300F4E5B2 /* RadialMenu.app */,
			);
			name = Products;
			sourceTree = "<group>";
		};
		BE694ACD1D41940400F4E5B2 /* RadialMenu */ = {
			isa = PBXGroup;
			children = (
				BE694ACE1D41940400F4E5B2 /* AppDelegate.swift */,
				BE694AD01D41940400F4E5B2 /* ViewController.swift */,
				BE694AE01D4195C600F4E5B2 /* RadialMenu */,
				BE694AD21D41940400F4E5B2 /* Main.storyboard */,
				BE694AD51D41940400F4E5B2 /* Assets.xcassets */,
				BE694AD71D41940400F4E5B2 /* LaunchScreen.storyboard */,
				BE694ADA1D41940400F4E5B2 /* Info.plist */,
			);
			path = RadialMenu;
			sourceTree = "<group>";
		};
		BE694AE01D4195C600F4E5B2 /* RadialMenu */ = {
			isa = PBXGroup;
			children = (
				BE694AE11D4195EA00F4E5B2 /* RadialMenu.swift */,
				BE694AE31D41DDE800F4E5B2 /* RadialButton.swift */,
			);
			path = RadialMenu;
			sourceTree = "<group>";
		};
/* End PBXGroup section */

/* Begin PBXNativeTarget section */
		BE694ACA1D41940300F4E5B2 /* RadialMenu */ = {
			isa = PBXNativeTarget;
			buildConfigurationList = BE694ADD1D41940400F4E5B2 /* Build configuration list for PBXNativeTarget "RadialMenu" */;
			buildPhases = (
				BE694AC71D41940300F4E5B2 /* Sources */,
				BE694AC81D41940300F4E5B2 /* Frameworks */,
				BE694AC91D41940300F4E5B2 /* Resources */,
			);
			buildRules = (
			);
			dependencies = (
			);
			name = RadialMenu;
			productName = RadialMenu;
			productReference = BE694ACB1D41940300F4E5B2 /* RadialMenu.app */;
			productType = "com.apple.product-type.application";
		};
/* End PBXNativeTarget section */

/* Begin PBXProject section */
		BE694AC31D41940300F4E5B2 /* Project object */ = {
			isa = PBXProject;
			attributes = {
				LastSwiftUpdateCheck = 0730;
				LastUpgradeCheck = 1140;
				ORGANIZATIONNAME = "Paul Jarysta";
				TargetAttributes = {
					BE694ACA1D41940300F4E5B2 = {
						CreatedOnToolsVersion = 7.3.1;
						DevelopmentTeam = 744F92Q6K9;
					};
				};
			};
			buildConfigurationList = BE694AC61D41940300F4E5B2 /* Build configuration list for PBXProject "RadialMenu" */;
			compatibilityVersion = "Xcode 3.2";
			developmentRegion = en;
			hasScannedForEncodings = 0;
			knownRegions = (
				en,
				Base,
			);
			mainGroup = BE694AC21D41940300F4E5B2;
			productRefGroup = BE694ACC1D41940300F4E5B2 /* Products */;
			projectDirPath = "";
			projectRoot = "";
			targets = (
				BE694ACA1D41940300F4E5B2 /* RadialMenu */,
			);
		};
/* End PBXProject section */

/* Begin PBXResourcesBuildPhase section */
		BE694AC91D41940300F4E5B2 /* Resources */ = {
			isa = PBXResourcesBuildPhase;
			buildActionMask = 2147483647;
			files = (
				BE694AD91D41940400F4E5B2 /* LaunchScreen.storyboard in Resources */,
				BE694AD61D41940400F4E5B2 /* Assets.xcassets in Resources */,
				BE694AD41D41940400F4E5B2 /* Main.storyboard in Resources */,
			);
			runOnlyForDeploymentPostprocessing = 0;
		};
/* End PBXResourcesBuildPhase section */

/* Begin PBXSourcesBuildPhase section */
		BE694AC71D41940300F4E5B2 /* Sources */ = {
			isa = PBXSourcesBuildPhase;
			buildActionMask = 2147483647;
			files = (
				BE694AD11D41940400F4E5B2 /* ViewController.swift in Sources */,
				BE694ACF1D41940400F4E5B2 /* AppDelegate.swift in Sources */,
				BE694AE41D41DDE800F4E5B2 /* RadialButton.swift in Sources */,
				BE694AE21D4195EA00F4E5B2 /* RadialMenu.swift in Sources */,
			);
			runOnlyForDeploymentPostprocessing = 0;
		};
/* End PBXSourcesBuildPhase section */

/* Begin PBXVariantGroup section */
		BE694AD21D41940400F4E5B2 /* Main.storyboard */ = {
			isa = PBXVariantGroup;
			children = (
				BE694AD31D41940400F4E5B2 /* Base */,
			);
			name = Main.storyboard;
			sourceTree = "<group>";
		};
		BE694AD71D41940400F4E5B2 /* LaunchScreen.storyboard */ = {
			isa = PBXVariantGroup;
			children = (
				BE694AD81D41940400F4E5B2 /* Base */,
			);
			name = LaunchScreen.storyboard;
			sourceTree = "<group>";
		};
/* End PBXVariantGroup section */

/* Begin XCBuildConfiguration section */
		BE694ADB1D41940400F4E5B2 /* Debug */ = {
			isa = XCBuildConfiguration;
			buildSettings = {
				ALWAYS_SEARCH_USER_PATHS = NO;
				CLANG_ANALYZER_NONNULL = YES;
				CLANG_CXX_LANGUAGE_STANDARD = "gnu++0x";
				CLANG_CXX_LIBRARY = "libc++";
				CLANG_ENABLE_MODULES = YES;
				CLANG_ENABLE_OBJC_ARC = YES;
				CLANG_WARN_BLOCK_CAPTURE_AUTORELEASING = YES;
				CLANG_WARN_BOOL_CONVERSION = YES;
				CLANG_WARN_COMMA = YES;
				CLANG_WARN_CONSTANT_CONVERSION = YES;
				CLANG_WARN_DEPRECATED_OBJC_IMPLEMENTATIONS = YES;
				CLANG_WARN_DIRECT_OBJC_ISA_USAGE = YES_ERROR;
				CLANG_WARN_EMPTY_BODY = YES;
				CLANG_WARN_ENUM_CONVERSION = YES;
				CLANG_WARN_INFINITE_RECURSION = YES;
				CLANG_WARN_INT_CONVERSION = YES;
				CLANG_WARN_NON_LITERAL_NULL_CONVERSION = YES;
				CLANG_WARN_OBJC_IMPLICIT_RETAIN_SELF = YES;
				CLANG_WARN_OBJC_LITERAL_CONVERSION = YES;
				CLANG_WARN_OBJC_ROOT_CLASS = YES_ERROR;
				CLANG_WARN_RANGE_LOOP_ANALYSIS = YES;
				CLANG_WARN_STRICT_PROTOTYPES = YES;
				CLANG_WARN_SUSPICIOUS_MOVE = YES;
				CLANG_WARN_UNREACHABLE_CODE = YES;
				CLANG_WARN__DUPLICATE_METHOD_MATCH = YES;
				"CODE_SIGN_IDENTITY[sdk=iphoneos*]" = "iPhone Developer";
				COPY_PHASE_STRIP = NO;
				DEBUG_INFORMATION_FORMAT = dwarf;
				ENABLE_STRICT_OBJC_MSGSEND = YES;
				ENABLE_TESTABILITY = YES;
				GCC_C_LANGUAGE_STANDARD = gnu99;
				GCC_DYNAMIC_NO_PIC = NO;
				GCC_NO_COMMON_BLOCKS = YES;
				GCC_OPTIMIZATION_LEVEL = 0;
				GCC_PREPROCESSOR_DEFINITIONS = (
					"DEBUG=1",
					"$(inherited)",
				);
				GCC_WARN_64_TO_32_BIT_CONVERSION = YES;
				GCC_WARN_ABOUT_RETURN_TYPE = YES_ERROR;
				GCC_WARN_UNDECLARED_SELECTOR = YES;
				GCC_WARN_UNINITIALIZED_AUTOS = YES_AGGRESSIVE;
				GCC_WARN_UNUSED_FUNCTION = YES;
				GCC_WARN_UNUSED_VARIABLE = YES;
				IPHONEOS_DEPLOYMENT_TARGET = 9.3;
				MTL_ENABLE_DEBUG_INFO = YES;
				ONLY_ACTIVE_ARCH = YES;
				SDKROOT = iphoneos;
				SWIFT_OPTIMIZATION_LEVEL = "-Onone";
			};
			name = Debug;
		};
		BE694ADC1D41940400F4E5B2 /* Release */ = {
			isa = XCBuildConfiguration;
			buildSettings = {
				ALWAYS_SEARCH_USER_PATHS = NO;
				CLANG_ANALYZER_NONNULL = YES;
				CLANG_CXX_LANGUAGE_STANDARD = "gnu++0x";
				CLANG_CXX_LIBRARY = "libc++";
				CLANG_ENABLE_MODULES = YES;
				CLANG_ENABLE_OBJC_ARC = YES;
				CLANG_WARN_BLOCK_CAPTURE_AUTORELEASING = YES;
				CLANG_WARN_BOOL_CONVERSION = YES;
				CLANG_WARN_COMMA = YES;
				CLANG_WARN_CONSTANT_CONVERSION = YES;
				CLANG_WARN_DEPRECATED_OBJC_IMPLEMENTATIONS = YES;
				CLANG_WARN_DIRECT_OBJC_ISA_USAGE = YES_ERROR;
				CLANG_WARN_EMPTY_BODY = YES;
				CLANG_WARN_ENUM_CONVERSION = YES;
				CLANG_WARN_INFINITE_RECURSION = YES;
				CLANG_WARN_INT_CONVERSION = YES;
				CLANG_WARN_NON_LITERAL_NULL_CONVERSION = YES;
				CLANG_WARN_OBJC_IMPLICIT_RETAIN_SELF = YES;
				CLANG_WARN_OBJC_LITERAL_CONVERSION = YES;
				CLANG_WARN_OBJC_ROOT_CLASS = YES_ERROR;
				CLANG_WARN_RANGE_LOOP_ANALYSIS = YES;
				CLANG_WARN_STRICT_PROTOTYPES = YES;
				CLANG_WARN_SUSPICIOUS_MOVE = YES;
				CLANG_WARN_UNREACHABLE_CODE = YES;
				CLANG_WARN__DUPLICATE_METHOD_MATCH = YES;
				"CODE_SIGN_IDENTITY[sdk=iphoneos*]" = "iPhone Developer";
				COPY_PHASE_STRIP = NO;
				DEBUG_INFORMATION_FORMAT = "dwarf-with-dsym";
				ENABLE_NS_ASSERTIONS = NO;
				ENABLE_STRICT_OBJC_MSGSEND = YES;
				GCC_C_LANGUAGE_STANDARD = gnu99;
				GCC_NO_COMMON_BLOCKS = YES;
				GCC_WARN_64_TO_32_BIT_CONVERSION = YES;
				GCC_WARN_ABOUT_RETURN_TYPE = YES_ERROR;
				GCC_WARN_UNDECLARED_SELECTOR = YES;
				GCC_WARN_UNINITIALIZED_AUTOS = YES_AGGRESSIVE;
				GCC_WARN_UNUSED_FUNCTION = YES;
				GCC_WARN_UNUSED_VARIABLE = YES;
				IPHONEOS_DEPLOYMENT_TARGET = 9.3;
				MTL_ENABLE_DEBUG_INFO = NO;
				SDKROOT = iphoneos;
				SWIFT_OPTIMIZATION_LEVEL = "-Owholemodule";
				VALIDATE_PRODUCT = YES;
			};
			name = Release;
		};
		BE694ADE1D41940400F4E5B2 /* Debug */ = {
			isa = XCBuildConfiguration;
			buildSettings = {
				ASSETCATALOG_COMPILER_APPICON_NAME = AppIcon;
				DEVELOPMENT_TEAM = 744F92Q6K9;
				INFOPLIST_FILE = RadialMenu/Info.plist;
				IPHONEOS_DEPLOYMENT_TARGET = 10.0;
				LD_RUNPATH_SEARCH_PATHS = "$(inherited) @executable_path/Frameworks";
				PRODUCT_BUNDLE_IDENTIFIER = com.pauljarysta.RadialMenu;
				PRODUCT_NAME = "$(TARGET_NAME)";
				SWIFT_VERSION = 5.0;
			};
			name = Debug;
		};
		BE694ADF1D41940400F4E5B2 /* Release */ = {
			isa = XCBuildConfiguration;
			buildSettings = {
				ASSETCATALOG_COMPILER_APPICON_NAME = AppIcon;
				DEVELOPMENT_TEAM = 744F92Q6K9;
				INFOPLIST_FILE = RadialMenu/Info.plist;
				IPHONEOS_DEPLOYMENT_TARGET = 10.0;
				LD_RUNPATH_SEARCH_PATHS = "$(inherited) @executable_path/Frameworks";
				PRODUCT_BUNDLE_IDENTIFIER = com.pauljarysta.RadialMenu;
				PRODUCT_NAME = "$(TARGET_NAME)";
				SWIFT_VERSION = 5.0;
			};
			name = Release;
		};
/* End XCBuildConfiguration section */

/* Begin XCConfigurationList section */
		BE694AC61D41940300F4E5B2 /* Build configuration list for PBXProject "RadialMenu" */ = {
			isa = XCConfigurationList;
			buildConfigurations = (
				BE694ADB1D41940400F4E5B2 /* Debug */,
				BE694ADC1D41940400F4E5B2 /* Release */,
			);
			defaultConfigurationIsVisible = 0;
			defaultConfigurationName = Release;
		};
		BE694ADD1D41940400F4E5B2 /* Build configuration list for PBXNativeTarget "RadialMenu" */ = {
			isa = XCConfigurationList;
			buildConfigurations = (
				BE694ADE1D41940400F4E5B2 /* Debug */,
				BE694ADF1D41940400F4E5B2 /* Release */,
			);
			defaultConfigurationIsVisible = 0;
			defaultConfigurationName = Release;
		};
/* End XCConfigurationList section */
	};
	rootObject = BE694AC31D41940300F4E5B2 /* Project object */;
}
